{
  "name": "pkarr-vanity-keys",
  "version": "1.0.0",
  "lockfileVersion": 3,
  "requires": true,
  "packages": {
    "": {
      "name": "pkarr-vanity-keys",
      "version": "1.0.0",
      "license": "ISC",
      "dependencies": {
        "pkarr": "^1.3.0"
      },
      "devDependencies": {
        "nodemon": "^3.0.3"
      }
    },
    "node_modules/@leichtgewicht/ip-codec": {
      "version": "2.0.4",
      "resolved": "https://registry.npmjs.org/@leichtgewicht/ip-codec/-/ip-codec-2.0.4.tgz",
      "integrity": "sha512-Hcv+nVC0kZnQ3tD9GVu5xSMR4VVYOteQIr/hwFPVEvPdlXqgGEuRjiheChHgdM+JyqdgNcmzZOX/tnl0JOiI7A=="
    },
    "node_modules/abbrev": {
      "version": "1.1.1",
      "resolved": "https://registry.npmjs.org/abbrev/-/abbrev-1.1.1.tgz",
      "integrity": "sha512-nne9/IiQ/hzIhY6pdDnbBtz7DjPTKrY00P/zvPSm5pOFkl6xuGrGnXn/VtTNNfNtAfZ9/1RtehkszU9qcTii0Q==",
      "dev": true
    },
    "node_modules/anymatch": {
      "version": "3.1.3",
      "resolved": "https://registry.npmjs.org/anymatch/-/anymatch-3.1.3.tgz",
      "integrity": "sha512-KMReFUr0B4t+D+OBkjR3KYqvocp2XaSzO55UcB6mgQMd3KbcE+mWTyvVV7D/zsdEbNnV6acZUutkiHQXvTr1Rw==",
      "dev": true,
      "dependencies": {
        "normalize-path": "^3.0.0",
        "picomatch": "^2.0.4"
      },
      "engines": {
        "node": ">= 8"
      }
    },
    "node_modules/b4a": {
      "version": "1.6.4",
      "resolved": "https://registry.npmjs.org/b4a/-/b4a-1.6.4.tgz",
      "integrity": "sha512-fpWrvyVHEKyeEvbKZTVOeZF3VSKKWtJxFIxX/jaVPf+cLbGUSitjb49pHLqPV2BUNNZ0LcoeEGfE/YCpyDYHIw=="
    },
    "node_modules/balanced-match": {
      "version": "1.0.2",
      "resolved": "https://registry.npmjs.org/balanced-match/-/balanced-match-1.0.2.tgz",
      "integrity": "sha512-3oSeUO0TMV67hN1AmbXsK4yaqU7tjiHlbxRDZOpH0KW9+CeX4bRAaX0Anxt0tx2MrpRpWwQaPwIlISEJhYU5Pw==",
      "dev": true
    },
    "node_modules/base64-arraybuffer": {
      "version": "1.0.2",
      "resolved": "https://registry.npmjs.org/base64-arraybuffer/-/base64-arraybuffer-1.0.2.tgz",
      "integrity": "sha512-I3yl4r9QB5ZRY3XuJVEPfc2XhZO6YweFPI+UovAzn+8/hb3oJ6lnysaFcjVpkCPfVWFUDvoZ8kmVDP7WyRtYtQ==",
      "engines": {
        "node": ">= 0.6.0"
      }
    },
    "node_modules/bencode": {
      "version": "3.1.1",
      "resolved": "https://registry.npmjs.org/bencode/-/bencode-3.1.1.tgz",
      "integrity": "sha512-btsxX9201yoWh45TdqYg6+OZ5O1xTYKTYSGvJndICDFtznE/9zXgow8yjMvvhOqKKuzuL7h+iiCMpfkG8+QuBA==",
      "dependencies": {
        "uint8-util": "^2.1.6"
      },
      "engines": {
        "node": ">=12.20.0"
      }
    },
    "node_modules/binary-extensions": {
      "version": "2.2.0",
      "resolved": "https://registry.npmjs.org/binary-extensions/-/binary-extensions-2.2.0.tgz",
      "integrity": "sha512-jDctJ/IVQbZoJykoeHbhXpOlNBqGNcwXJKJog42E5HDPUwQTSdjCHdihjj0DlnheQ7blbT6dHOafNAiS8ooQKA==",
      "dev": true,
      "engines": {
        "node": ">=8"
      }
    },
    "node_modules/bittorrent-dht": {
      "version": "11.0.5",
      "resolved": "https://registry.npmjs.org/bittorrent-dht/-/bittorrent-dht-11.0.5.tgz",
      "integrity": "sha512-R09D6uNaziRqsc+B/j5QzkjceTak+wH9vcNLnkmt8A52EWF9lQwBP0vvCKgSA3AJOYYl+41n3osA2KYYn/z5uQ==",
      "funding": [
        {
          "type": "github",
          "url": "https://github.com/sponsors/feross"
        },
        {
          "type": "patreon",
          "url": "https://www.patreon.com/feross"
        },
        {
          "type": "consulting",
          "url": "https://feross.org/support"
        }
      ],
      "dependencies": {
        "bencode": "^4.0.0",
        "debug": "^4.3.4",
        "k-bucket": "^5.1.0",
        "k-rpc": "^5.1.0",
        "last-one-wins": "^1.0.4",
        "lru": "^3.1.0",
        "randombytes": "^2.1.0",
        "record-cache": "^1.2.0"
      },
      "engines": {
        "node": ">=12.20.0"
      }
    },
    "node_modules/bittorrent-dht/node_modules/bencode": {
      "version": "4.0.0",
      "resolved": "https://registry.npmjs.org/bencode/-/bencode-4.0.0.tgz",
      "integrity": "sha512-AERXw18df0pF3ziGOCyUjqKZBVNH8HV3lBxnx5w0qtgMIk4a1wb9BkcCQbkp9Zstfrn/dzRwl7MmUHHocX3sRQ==",
      "dependencies": {
        "uint8-util": "^2.2.2"
      },
      "engines": {
        "node": ">=12.20.0"
      }
    },
    "node_modules/blake2b": {
      "version": "2.1.4",
      "resolved": "https://registry.npmjs.org/blake2b/-/blake2b-2.1.4.tgz",
      "integrity": "sha512-AyBuuJNI64gIvwx13qiICz6H6hpmjvYS5DGkG6jbXMOT8Z3WUJ3V1X0FlhIoT1b/5JtHE3ki+xjtMvu1nn+t9A==",
      "dependencies": {
        "blake2b-wasm": "^2.4.0",
        "nanoassert": "^2.0.0"
      }
    },
    "node_modules/blake2b-wasm": {
      "version": "2.4.0",
      "resolved": "https://registry.npmjs.org/blake2b-wasm/-/blake2b-wasm-2.4.0.tgz",
      "integrity": "sha512-S1kwmW2ZhZFFFOghcx73+ZajEfKBqhP82JMssxtLVMxlaPea1p9uoLiUZ5WYyHn0KddwbLc+0vh4wR0KBNoT5w==",
      "dependencies": {
        "b4a": "^1.0.1",
        "nanoassert": "^2.0.0"
      }
    },
    "node_modules/brace-expansion": {
      "version": "1.1.11",
      "resolved": "https://registry.npmjs.org/brace-expansion/-/brace-expansion-1.1.11.tgz",
      "integrity": "sha512-iCuPHDFgrHX7H2vEI/5xpz07zSHB00TpugqhmYtVmMO6518mCuRMoOYFldEBl0g187ufozdaHgWKcYFb61qGiA==",
      "dev": true,
      "dependencies": {
        "balanced-match": "^1.0.0",
        "concat-map": "0.0.1"
      }
    },
    "node_modules/braces": {
      "version": "3.0.2",
      "resolved": "https://registry.npmjs.org/braces/-/braces-3.0.2.tgz",
      "integrity": "sha512-b8um+L1RzM3WDSzvhm6gIz1yfTbBt6YTlcEKAvsmqCZZFw46z626lVj9j1yEPW33H5H+lBQpZMP1k8l+78Ha0A==",
      "dev": true,
      "dependencies": {
        "fill-range": "^7.0.1"
      },
      "engines": {
        "node": ">=8"
      }
    },
    "node_modules/chacha20-universal": {
      "version": "1.0.4",
      "resolved": "https://registry.npmjs.org/chacha20-universal/-/chacha20-universal-1.0.4.tgz",
      "integrity": "sha512-/IOxdWWNa7nRabfe7+oF+jVkGjlr2xUL4J8l/OvzZhj+c9RpMqoo3Dq+5nU1j/BflRV4BKnaQ4+4oH1yBpQG1Q==",
      "dependencies": {
        "nanoassert": "^2.0.0"
      }
    },
    "node_modules/chalk": {
      "version": "5.3.0",
      "resolved": "https://registry.npmjs.org/chalk/-/chalk-5.3.0.tgz",
      "integrity": "sha512-dLitG79d+GV1Nb/VYcCDFivJeK1hiukt9QjRNVOsUtTy1rR1YJsmpGGTZ3qJos+uw7WmWF4wUwBd9jxjocFC2w==",
      "engines": {
        "node": "^12.17.0 || ^14.13 || >=16.0.0"
      },
      "funding": {
        "url": "https://github.com/chalk/chalk?sponsor=1"
      }
    },
    "node_modules/chokidar": {
      "version": "3.5.3",
      "resolved": "https://registry.npmjs.org/chokidar/-/chokidar-3.5.3.tgz",
      "integrity": "sha512-Dr3sfKRP6oTcjf2JmUmFJfeVMvXBdegxB0iVQ5eb2V10uFJUCAS8OByZdVAyVb8xXNz3GjjTgj9kLWsZTqE6kw==",
      "dev": true,
      "funding": [
        {
          "type": "individual",
          "url": "https://paulmillr.com/funding/"
        }
      ],
      "dependencies": {
        "anymatch": "~3.1.2",
        "braces": "~3.0.2",
        "glob-parent": "~5.1.2",
        "is-binary-path": "~2.1.0",
        "is-glob": "~4.0.1",
        "normalize-path": "~3.0.0",
        "readdirp": "~3.6.0"
      },
      "engines": {
        "node": ">= 8.10.0"
      },
      "optionalDependencies": {
        "fsevents": "~2.3.2"
      }
    },
    "node_modules/chrome-dgram": {
      "version": "3.0.6",
      "resolved": "https://registry.npmjs.org/chrome-dgram/-/chrome-dgram-3.0.6.tgz",
      "integrity": "sha512-bqBsUuaOiXiqxXt/zA/jukNJJ4oaOtc7ciwqJpZVEaaXwwxqgI2/ZdG02vXYWUhHGziDlvGMQWk0qObgJwVYKA==",
      "funding": [
        {
          "type": "github",
          "url": "https://github.com/sponsors/feross"
        },
        {
          "type": "patreon",
          "url": "https://www.patreon.com/feross"
        },
        {
          "type": "consulting",
          "url": "https://feross.org/support"
        }
      ],
      "dependencies": {
        "inherits": "^2.0.4",
        "run-series": "^1.1.9"
      }
    },
    "node_modules/chrome-dns": {
      "version": "1.0.1",
      "resolved": "https://registry.npmjs.org/chrome-dns/-/chrome-dns-1.0.1.tgz",
      "integrity": "sha512-HqsYJgIc8ljJJOqOzLphjAs79EUuWSX3nzZi2LNkzlw3GIzAeZbaSektC8iT/tKvLqZq8yl1GJu5o6doA4TRbg==",
      "dependencies": {
        "chrome-net": "^3.3.2"
      }
    },
    "node_modules/chrome-net": {
      "version": "3.3.4",
      "resolved": "https://registry.npmjs.org/chrome-net/-/chrome-net-3.3.4.tgz",
      "integrity": "sha512-Jzy2EnzmE+ligqIZUsmWnck9RBXLuUy6CaKyuNMtowFG3ZvLt8d+WBJCTPEludV0DHpIKjAOlwjFmTaEdfdWCw==",
      "funding": [
        {
          "type": "github",
          "url": "https://github.com/sponsors/feross"
        },
        {
          "type": "patreon",
          "url": "https://www.patreon.com/feross"
        },
        {
          "type": "consulting",
          "url": "https://feross.org/support"
        }
      ],
      "dependencies": {
        "inherits": "^2.0.1"
      }
    },
    "node_modules/concat-map": {
      "version": "0.0.1",
      "resolved": "https://registry.npmjs.org/concat-map/-/concat-map-0.0.1.tgz",
      "integrity": "sha512-/Srv4dswyQNBfohGpz9o6Yb3Gz3SrUDqBH5rTuhGR7ahtlbYKnVxw2bCFMRljaA7EXHaXZ8wsHdodFvbkhKmqg==",
      "dev": true
    },
    "node_modules/debug": {
      "version": "4.3.4",
      "resolved": "https://registry.npmjs.org/debug/-/debug-4.3.4.tgz",
      "integrity": "sha512-PRWFHuSU3eDtQJPvnNY7Jcket1j0t5OuOsFzPPzsekD52Zl8qUfFIPEiswXqIvHWGVHOgX+7G/vCNNhehwxfkQ==",
      "dependencies": {
        "ms": "2.1.2"
      },
      "engines": {
        "node": ">=6.0"
      },
      "peerDependenciesMeta": {
        "supports-color": {
          "optional": true
        }
      }
    },
    "node_modules/dns-packet": {
      "version": "5.6.1",
      "resolved": "https://registry.npmjs.org/dns-packet/-/dns-packet-5.6.1.tgz",
      "integrity": "sha512-l4gcSouhcgIKRvyy99RNVOgxXiicE+2jZoNmaNmZ6JXiGajBOJAesk1OBlJuM5k2c+eudGdLxDqXuPCKIj6kpw==",
      "dependencies": {
        "@leichtgewicht/ip-codec": "^2.0.1"
      },
      "engines": {
        "node": ">=6"
      }
    },
    "node_modules/fill-range": {
      "version": "7.0.1",
      "resolved": "https://registry.npmjs.org/fill-range/-/fill-range-7.0.1.tgz",
      "integrity": "sha512-qOo9F+dMUmC2Lcb4BbVvnKJxTPjCm+RRpe4gDuGrzkL7mEVl/djYSu2OdQ2Pa302N4oqkSg9ir6jaLWJ2USVpQ==",
      "dev": true,
      "dependencies": {
        "to-regex-range": "^5.0.1"
      },
      "engines": {
        "node": ">=8"
      }
    },
    "node_modules/fsevents": {
      "version": "2.3.3",
      "resolved": "https://registry.npmjs.org/fsevents/-/fsevents-2.3.3.tgz",
      "integrity": "sha512-5xoDfX+fL7faATnagmWPpbFtwh/R77WmMMqqHGS65C3vvB0YHrgF+B1YmZ3441tMj5n63k0212XNoJwzlhffQw==",
      "dev": true,
      "hasInstallScript": true,
      "optional": true,
      "os": [
        "darwin"
      ],
      "engines": {
        "node": "^8.16.0 || ^10.6.0 || >=11.0.0"
      }
    },
    "node_modules/glob-parent": {
      "version": "5.1.2",
      "resolved": "https://registry.npmjs.org/glob-parent/-/glob-parent-5.1.2.tgz",
      "integrity": "sha512-AOIgSQCepiJYwP3ARnGx+5VnTu2HBYdzbGP45eLw1vr3zB3vZLeyed1sC9hnbcOc9/SrMyM5RPQrkGz4aS9Zow==",
      "dev": true,
      "dependencies": {
        "is-glob": "^4.0.1"
      },
      "engines": {
        "node": ">= 6"
      }
    },
    "node_modules/graceful-goodbye": {
      "version": "1.3.0",
      "resolved": "https://registry.npmjs.org/graceful-goodbye/-/graceful-goodbye-1.3.0.tgz",
      "integrity": "sha512-hcZOs20emYlTM7MmUE0FpuZcjlk2GPsR+UYTHDeWxtGjXcbh2CawGi8vlzqsIvspqAbot7mRv3sC/uhgtKc4hQ==",
      "dependencies": {
        "safety-catch": "^1.0.2"
      }
    },
    "node_modules/has-flag": {
      "version": "3.0.0",
      "resolved": "https://registry.npmjs.org/has-flag/-/has-flag-3.0.0.tgz",
      "integrity": "sha512-sKJf1+ceQBr4SMkvQnBDNDtf4TXpVhVGateu0t918bl30FnbE2m4vNLX+VWe/dpjlb+HugGYzW7uQXH98HPEYw==",
      "dev": true,
      "engines": {
        "node": ">=4"
      }
    },
    "node_modules/ignore-by-default": {
      "version": "1.0.1",
      "resolved": "https://registry.npmjs.org/ignore-by-default/-/ignore-by-default-1.0.1.tgz",
      "integrity": "sha512-Ius2VYcGNk7T90CppJqcIkS5ooHUZyIQK+ClZfMfMNFEF9VSE73Fq+906u/CWu92x4gzZMWOwfFYckPObzdEbA==",
      "dev": true
    },
    "node_modules/inherits": {
      "version": "2.0.4",
      "resolved": "https://registry.npmjs.org/inherits/-/inherits-2.0.4.tgz",
      "integrity": "sha512-k/vGaX4/Yla3WzyMCvTQOXYeIHvqOKtnqBduzTHpzpQZzAskKMhZ2K+EnBiSM9zGSoIFeMpXKxa4dYeZIQqewQ=="
    },
    "node_modules/is-binary-path": {
      "version": "2.1.0",
      "resolved": "https://registry.npmjs.org/is-binary-path/-/is-binary-path-2.1.0.tgz",
      "integrity": "sha512-ZMERYes6pDydyuGidse7OsHxtbI7WVeUEozgR/g7rd0xUimYNlvZRE/K2MgZTjWy725IfelLeVcEM97mmtRGXw==",
      "dev": true,
      "dependencies": {
        "binary-extensions": "^2.0.0"
      },
      "engines": {
        "node": ">=8"
      }
    },
    "node_modules/is-extglob": {
      "version": "2.1.1",
      "resolved": "https://registry.npmjs.org/is-extglob/-/is-extglob-2.1.1.tgz",
      "integrity": "sha512-SbKbANkN603Vi4jEZv49LeVJMn4yGwsbzZworEoyEiutsN3nJYdbO36zfhGJ6QEDpOZIFkDtnq5JRxmvl3jsoQ==",
      "dev": true,
      "engines": {
        "node": ">=0.10.0"
      }
    },
    "node_modules/is-glob": {
      "version": "4.0.3",
      "resolved": "https://registry.npmjs.org/is-glob/-/is-glob-4.0.3.tgz",
      "integrity": "sha512-xelSayHH36ZgE7ZWhli7pW34hNbNl8Ojv5KVmkJD4hBdD3th8Tfk9vYasLM+mXWOZhFkgZfxhLSnrwRr4elSSg==",
      "dev": true,
      "dependencies": {
        "is-extglob": "^2.1.1"
      },
      "engines": {
        "node": ">=0.10.0"
      }
    },
    "node_modules/is-number": {
      "version": "7.0.0",
      "resolved": "https://registry.npmjs.org/is-number/-/is-number-7.0.0.tgz",
      "integrity": "sha512-41Cifkg6e8TylSpdtTpeLVMqvSBEVzTttHvERD741+pnZ8ANv0004MRL43QKPDlK9cGvNp6NZWZUBlbGXYxxng==",
      "dev": true,
      "engines": {
        "node": ">=0.12.0"
      }
    },
    "node_modules/k-bucket": {
      "version": "5.1.0",
      "resolved": "https://registry.npmjs.org/k-bucket/-/k-bucket-5.1.0.tgz",
      "integrity": "sha512-Fac7iINEovXIWU20GPnOMLUbjctiS+cnmyjC4zAUgvs3XPf1vo9akfCHkigftSic/jiKqKl+KA3a/vFcJbHyCg==",
      "dependencies": {
        "randombytes": "^2.1.0"
      }
    },
    "node_modules/k-rpc": {
      "version": "5.1.0",
      "resolved": "https://registry.npmjs.org/k-rpc/-/k-rpc-5.1.0.tgz",
      "integrity": "sha512-FGc+n70Hcjoa/X2JTwP+jMIOpBz+pkRffHnSl9yrYiwUxg3FIgD50+u1ePfJUOnRCnx6pbjmVk5aAeB1wIijuQ==",
      "dependencies": {
        "k-bucket": "^5.0.0",
        "k-rpc-socket": "^1.7.2",
        "randombytes": "^2.0.5"
      }
    },
    "node_modules/k-rpc-socket": {
      "version": "1.11.1",
      "resolved": "https://registry.npmjs.org/k-rpc-socket/-/k-rpc-socket-1.11.1.tgz",
      "integrity": "sha512-8xtA8oqbZ6v1Niryp2/g4GxW16EQh5MvrUylQoOG+zcrDff5CKttON2XUXvMwlIHq4/2zfPVFiinAccJ+WhxoA==",
      "dependencies": {
        "bencode": "^2.0.0",
        "chrome-dgram": "^3.0.2",
        "chrome-dns": "^1.0.0",
        "chrome-net": "^3.3.2"
      }
    },
    "node_modules/k-rpc-socket/node_modules/bencode": {
      "version": "2.0.3",
      "resolved": "https://registry.npmjs.org/bencode/-/bencode-2.0.3.tgz",
      "integrity": "sha512-D/vrAD4dLVX23NalHwb8dSvsUsxeRPO8Y7ToKA015JQYq69MLDOMkC0uGZYA/MPpltLO8rt8eqFC2j8DxjTZ/w=="
    },
    "node_modules/last-one-wins": {
      "version": "1.0.4",
      "resolved": "https://registry.npmjs.org/last-one-wins/-/last-one-wins-1.0.4.tgz",
      "integrity": "sha512-t+KLJFkHPQk8lfN6WBOiGkiUXoub+gnb2XTYI2P3aiISL+94xgZ1vgz1SXN/N4hthuOoLXarXfBZPUruyjQtfA=="
    },
    "node_modules/lru": {
      "version": "3.1.0",
      "resolved": "https://registry.npmjs.org/lru/-/lru-3.1.0.tgz",
      "integrity": "sha512-5OUtoiVIGU4VXBOshidmtOsvBIvcQR6FD/RzWSvaeHyxCGB+PCUCu+52lqMfdc0h/2CLvHhZS4TwUmMQrrMbBQ==",
      "dependencies": {
        "inherits": "^2.0.1"
      },
      "engines": {
        "node": ">= 0.4.0"
      }
    },
    "node_modules/lru-cache": {
      "version": "6.0.0",
      "resolved": "https://registry.npmjs.org/lru-cache/-/lru-cache-6.0.0.tgz",
      "integrity": "sha512-Jo6dJ04CmSjuznwJSS3pUeWmd/H0ffTlkXXgwZi+eq1UCmqQwCh+eLsYOYCwY991i2Fah4h1BEMCx4qThGbsiA==",
      "dev": true,
      "dependencies": {
        "yallist": "^4.0.0"
      },
      "engines": {
        "node": ">=10"
      }
    },
    "node_modules/minimatch": {
      "version": "3.1.2",
      "resolved": "https://registry.npmjs.org/minimatch/-/minimatch-3.1.2.tgz",
      "integrity": "sha512-J7p63hRiAjw1NDEww1W7i37+ByIrOWO5XQQAzZ3VOcL0PNybwpfmV/N05zFAzwQ9USyEcX6t3UO+K5aqBQOIHw==",
      "dev": true,
      "dependencies": {
        "brace-expansion": "^1.1.7"
      },
      "engines": {
        "node": "*"
      }
    },
    "node_modules/ms": {
      "version": "2.1.2",
      "resolved": "https://registry.npmjs.org/ms/-/ms-2.1.2.tgz",
      "integrity": "sha512-sGkPx+VjMtmA6MX27oA4FBFELFCZZ4S4XqeGOXCv68tT+jb3vk/RyaKWP0PTKyWtmLSM0b+adUTEvbs1PEaH2w=="
    },
    "node_modules/nanoassert": {
      "version": "2.0.0",
      "resolved": "https://registry.npmjs.org/nanoassert/-/nanoassert-2.0.0.tgz",
      "integrity": "sha512-7vO7n28+aYO4J+8w96AzhmU8G+Y/xpPDJz/se19ICsqj/momRbb9mh9ZUtkoJ5X3nTnPdhEJyc0qnM6yAsHBaA=="
    },
    "node_modules/node-gyp-build": {
      "version": "4.8.0",
      "resolved": "https://registry.npmjs.org/node-gyp-build/-/node-gyp-build-4.8.0.tgz",
      "integrity": "sha512-u6fs2AEUljNho3EYTJNBfImO5QTo/J/1Etd+NVdCj7qWKUSN/bSLkZwhDv7I+w/MSC6qJ4cknepkAYykDdK8og==",
      "bin": {
        "node-gyp-build": "bin.js",
        "node-gyp-build-optional": "optional.js",
        "node-gyp-build-test": "build-test.js"
      }
    },
    "node_modules/nodemon": {
      "version": "3.0.3",
      "resolved": "https://registry.npmjs.org/nodemon/-/nodemon-3.0.3.tgz",
      "integrity": "sha512-7jH/NXbFPxVaMwmBCC2B9F/V6X1VkEdNgx3iu9jji8WxWcvhMWkmhNWhI5077zknOnZnBzba9hZP6bCPJLSReQ==",
      "dev": true,
      "dependencies": {
        "chokidar": "^3.5.2",
        "debug": "^4",
        "ignore-by-default": "^1.0.1",
        "minimatch": "^3.1.2",
        "pstree.remy": "^1.1.8",
        "semver": "^7.5.3",
        "simple-update-notifier": "^2.0.0",
        "supports-color": "^5.5.0",
        "touch": "^3.1.0",
        "undefsafe": "^2.0.5"
      },
      "bin": {
        "nodemon": "bin/nodemon.js"
      },
      "engines": {
        "node": ">=10"
      },
      "funding": {
        "type": "opencollective",
        "url": "https://opencollective.com/nodemon"
      }
    },
    "node_modules/nopt": {
      "version": "1.0.10",
      "resolved": "https://registry.npmjs.org/nopt/-/nopt-1.0.10.tgz",
      "integrity": "sha512-NWmpvLSqUrgrAC9HCuxEvb+PSloHpqVu+FqcO4eeF2h5qYRhA7ev6KvelyQAKtegUbC6RypJnlEOhd8vloNKYg==",
      "dev": true,
      "dependencies": {
        "abbrev": "1"
      },
      "bin": {
        "nopt": "bin/nopt.js"
      },
      "engines": {
        "node": "*"
      }
    },
    "node_modules/normalize-path": {
      "version": "3.0.0",
      "resolved": "https://registry.npmjs.org/normalize-path/-/normalize-path-3.0.0.tgz",
      "integrity": "sha512-6eZs5Ls3WtCisHWp9S2GUy8dqkpGi4BVSz3GaqiE6ezub0512ESztXUwUB6C6IKbQkY2Pnb/mD4WYojCRwcwLA==",
      "dev": true,
      "engines": {
        "node": ">=0.10.0"
      }
    },
    "node_modules/picomatch": {
      "version": "2.3.1",
      "resolved": "https://registry.npmjs.org/picomatch/-/picomatch-2.3.1.tgz",
      "integrity": "sha512-JU3teHTNjmE2VCGFzuY8EXzCDVwEqB2a8fsIvwaStHhAWJEeVd1o1QD80CU6+ZdEXXSLbSsuLwJjkCBWqRQUVA==",
      "dev": true,
      "engines": {
        "node": ">=8.6"
      },
      "funding": {
        "url": "https://github.com/sponsors/jonschlinkert"
      }
    },
    "node_modules/pkarr": {
      "version": "1.3.0",
      "resolved": "https://registry.npmjs.org/pkarr/-/pkarr-1.3.0.tgz",
      "integrity": "sha512-FcPxqpNUxI6GBuMSWHtoYznwiUd+zTSj28kDNGitGltpag9GluYOqFTUmXxuQzX8U4l5fBS/9KzcyV+7/JNotw==",
      "dependencies": {
        "bencode": "^3.0.3",
        "bittorrent-dht": "^11.0.4",
        "chalk": "^5.2.0",
        "dns-packet": "^5.6.1",
        "graceful-goodbye": "^1.3.0",
        "sodium-universal": "^4.0.0",
        "z32": "^1.0.0"
      },
      "bin": {
        "pkarr": "bin.js"
      }
    },
    "node_modules/pstree.remy": {
      "version": "1.1.8",
      "resolved": "https://registry.npmjs.org/pstree.remy/-/pstree.remy-1.1.8.tgz",
      "integrity": "sha512-77DZwxQmxKnu3aR542U+X8FypNzbfJ+C5XQDk3uWjWxn6151aIMGthWYRXTqT1E5oJvg+ljaa2OJi+VfvCOQ8w==",
      "dev": true
    },
    "node_modules/randombytes": {
      "version": "2.1.0",
      "resolved": "https://registry.npmjs.org/randombytes/-/randombytes-2.1.0.tgz",
      "integrity": "sha512-vYl3iOX+4CKUWuxGi9Ukhie6fsqXqS9FE2Zaic4tNFD2N2QQaXOMFbuKK4QmDHC0JO6B1Zp41J0LpT0oR68amQ==",
      "dependencies": {
        "safe-buffer": "^5.1.0"
      }
    },
    "node_modules/readdirp": {
      "version": "3.6.0",
      "resolved": "https://registry.npmjs.org/readdirp/-/readdirp-3.6.0.tgz",
      "integrity": "sha512-hOS089on8RduqdbhvQ5Z37A0ESjsqz6qnRcffsMU3495FuTdqSm+7bhJ29JvIOsBDEEnan5DPu9t3To9VRlMzA==",
      "dev": true,
      "dependencies": {
        "picomatch": "^2.2.1"
      },
      "engines": {
        "node": ">=8.10.0"
      }
    },
    "node_modules/record-cache": {
      "version": "1.2.0",
      "resolved": "https://registry.npmjs.org/record-cache/-/record-cache-1.2.0.tgz",
      "integrity": "sha512-kyy3HWCez2WrotaL3O4fTn0rsIdfRKOdQQcEJ9KpvmKmbffKVvwsloX063EgRUlpJIXHiDQFhJcTbZequ2uTZw==",
      "dependencies": {
        "b4a": "^1.3.1"
      }
    },
    "node_modules/run-series": {
      "version": "1.1.9",
      "resolved": "https://registry.npmjs.org/run-series/-/run-series-1.1.9.tgz",
      "integrity": "sha512-Arc4hUN896vjkqCYrUXquBFtRZdv1PfLbTYP71efP6butxyQ0kWpiNJyAgsxscmQg1cqvHY32/UCBzXedTpU2g==",
      "funding": [
        {
          "type": "github",
          "url": "https://github.com/sponsors/feross"
        },
        {
          "type": "patreon",
          "url": "https://www.patreon.com/feross"
        },
        {
          "type": "consulting",
          "url": "https://feross.org/support"
        }
      ]
    },
    "node_modules/safe-buffer": {
      "version": "5.2.1",
      "resolved": "https://registry.npmjs.org/safe-buffer/-/safe-buffer-5.2.1.tgz",
      "integrity": "sha512-rp3So07KcdmmKbGvgaNxQSJr7bGVSVk5S9Eq1F+ppbRo70+YeaDxkw5Dd8NPN+GD6bjnYm2VuPuCXmpuYvmCXQ==",
      "funding": [
        {
          "type": "github",
          "url": "https://github.com/sponsors/feross"
        },
        {
          "type": "patreon",
          "url": "https://www.patreon.com/feross"
        },
        {
          "type": "consulting",
          "url": "https://feross.org/support"
        }
      ]
    },
    "node_modules/safety-catch": {
      "version": "1.0.2",
      "resolved": "https://registry.npmjs.org/safety-catch/-/safety-catch-1.0.2.tgz",
      "integrity": "sha512-C1UYVZ4dtbBxEtvOcpjBaaD27nP8MlvyAQEp2fOTOEe6pfUpk1cDUxij6BR1jZup6rSyUTaBBplK7LanskrULA=="
    },
    "node_modules/semver": {
      "version": "7.5.4",
      "resolved": "https://registry.npmjs.org/semver/-/semver-7.5.4.tgz",
      "integrity": "sha512-1bCSESV6Pv+i21Hvpxp3Dx+pSD8lIPt8uVjRrxAUt/nbswYc+tK6Y2btiULjd4+fnq15PX+nqQDC7Oft7WkwcA==",
      "dev": true,
      "dependencies": {
        "lru-cache": "^6.0.0"
      },
      "bin": {
        "semver": "bin/semver.js"
      },
      "engines": {
        "node": ">=10"
      }
    },
    "node_modules/sha256-universal": {
      "version": "1.2.1",
      "resolved": "https://registry.npmjs.org/sha256-universal/-/sha256-universal-1.2.1.tgz",
      "integrity": "sha512-ghn3muhdn1ailCQqqceNxRgkOeZSVfSE13RQWEg6njB+itsFzGVSJv+O//2hvNXZuxVIRyNzrgsZ37SPDdGJJw==",
      "dependencies": {
        "b4a": "^1.0.1",
        "sha256-wasm": "^2.2.1"
      }
    },
    "node_modules/sha256-wasm": {
      "version": "2.2.2",
      "resolved": "https://registry.npmjs.org/sha256-wasm/-/sha256-wasm-2.2.2.tgz",
      "integrity": "sha512-qKSGARvao+JQlFiA+sjJZhJ/61gmW/3aNLblB2rsgIxDlDxsJPHo8a1seXj12oKtuHVgJSJJ7QEGBUYQN741lQ==",
      "dependencies": {
        "b4a": "^1.0.1",
        "nanoassert": "^2.0.0"
      }
    },
    "node_modules/sha512-universal": {
      "version": "1.2.1",
      "resolved": "https://registry.npmjs.org/sha512-universal/-/sha512-universal-1.2.1.tgz",
      "integrity": "sha512-kehYuigMoRkIngCv7rhgruLJNNHDnitGTBdkcYbCbooL8Cidj/bS78MDxByIjcc69M915WxcQTgZetZ1JbeQTQ==",
      "dependencies": {
        "b4a": "^1.0.1",
        "sha512-wasm": "^2.3.1"
      }
    },
    "node_modules/sha512-wasm": {
      "version": "2.3.4",
      "resolved": "https://registry.npmjs.org/sha512-wasm/-/sha512-wasm-2.3.4.tgz",
      "integrity": "sha512-akWoxJPGCB3aZCrZ+fm6VIFhJ/p8idBv7AWGFng/CZIrQo51oQNsvDbTSRXWAzIiZJvpy16oIDiCCPqTe21sKg==",
      "dependencies": {
        "b4a": "^1.0.1",
        "nanoassert": "^2.0.0"
      }
    },
    "node_modules/simple-update-notifier": {
      "version": "2.0.0",
      "resolved": "https://registry.npmjs.org/simple-update-notifier/-/simple-update-notifier-2.0.0.tgz",
      "integrity": "sha512-a2B9Y0KlNXl9u/vsW6sTIu9vGEpfKu2wRV6l1H3XEas/0gUIzGzBoP/IouTcUQbm9JWZLH3COxyn03TYlFax6w==",
      "dev": true,
      "dependencies": {
        "semver": "^7.5.3"
      },
      "engines": {
        "node": ">=10"
      }
    },
    "node_modules/siphash24": {
      "version": "1.3.1",
      "resolved": "https://registry.npmjs.org/siphash24/-/siphash24-1.3.1.tgz",
      "integrity": "sha512-moemC3ZKiTzH29nbFo3Iw8fbemWWod4vNs/WgKbQ54oEs6mE6XVlguxvinYjB+UmaE0PThgyED9fUkWvirT8hA==",
      "dependencies": {
        "nanoassert": "^2.0.0"
      }
    },
    "node_modules/sodium-javascript": {
      "version": "0.8.0",
      "resolved": "https://registry.npmjs.org/sodium-javascript/-/sodium-javascript-0.8.0.tgz",
      "integrity": "sha512-rEBzR5mPxPES+UjyMDvKPIXy9ImF17KOJ32nJNi9uIquWpS/nfj+h6m05J5yLJaGXjgM72LmQoUbWZVxh/rmGg==",
      "dependencies": {
        "blake2b": "^2.1.1",
        "chacha20-universal": "^1.0.4",
        "nanoassert": "^2.0.0",
        "sha256-universal": "^1.1.0",
        "sha512-universal": "^1.1.0",
        "siphash24": "^1.0.1",
        "xsalsa20": "^1.0.0"
      }
    },
    "node_modules/sodium-native": {
      "version": "4.0.5",
      "resolved": "https://registry.npmjs.org/sodium-native/-/sodium-native-4.0.5.tgz",
      "integrity": "sha512-YGimGhy7Ho6pTAAvuNdn3Tv9C2MD7HP89X1omReHat0Fd1mMnapGqwzb5YoHTAbIEh8tQmKP6+uLlwYCkf+EOA==",
      "hasInstallScript": true,
      "dependencies": {
        "node-gyp-build": "^4.6.0"
      }
    },
    "node_modules/sodium-universal": {
      "version": "4.0.0",
      "resolved": "https://registry.npmjs.org/sodium-universal/-/sodium-universal-4.0.0.tgz",
      "integrity": "sha512-iKHl8XnBV96k1c75gwwzANFdephw/MDWSjQAjPmBE+du0y3P23Q8uf7AcdcfFsYAMwLg7WVBfSAIBtV/JvRsjA==",
      "dependencies": {
        "blake2b": "^2.1.1",
        "chacha20-universal": "^1.0.4",
        "nanoassert": "^2.0.0",
        "sha256-universal": "^1.1.0",
        "sha512-universal": "^1.1.0",
        "siphash24": "^1.0.1",
        "sodium-javascript": "~0.8.0",
        "sodium-native": "^4.0.0",
        "xsalsa20": "^1.0.0"
      }
    },
    "node_modules/supports-color": {
      "version": "5.5.0",
      "resolved": "https://registry.npmjs.org/supports-color/-/supports-color-5.5.0.tgz",
      "integrity": "sha512-QjVjwdXIt408MIiAqCX4oUKsgU2EqAGzs2Ppkm4aQYbjm+ZEWEcW4SfFNTr4uMNZma0ey4f5lgLrkB0aX0QMow==",
      "dev": true,
      "dependencies": {
        "has-flag": "^3.0.0"
      },
      "engines": {
        "node": ">=4"
      }
    },
    "node_modules/to-regex-range": {
      "version": "5.0.1",
      "resolved": "https://registry.npmjs.org/to-regex-range/-/to-regex-range-5.0.1.tgz",
      "integrity": "sha512-65P7iz6X5yEr1cwcgvQxbbIw7Uk3gOy5dIdtZ4rDveLqhrdJP+Li/Hx6tyK0NEb+2GCyneCMJiGqrADCSNk8sQ==",
      "dev": true,
      "dependencies": {
        "is-number": "^7.0.0"
      },
      "engines": {
        "node": ">=8.0"
      }
    },
    "node_modules/touch": {
      "version": "3.1.0",
      "resolved": "https://registry.npmjs.org/touch/-/touch-3.1.0.tgz",
      "integrity": "sha512-WBx8Uy5TLtOSRtIq+M03/sKDrXCLHxwDcquSP2c43Le03/9serjQBIztjRz6FkJez9D/hleyAXTBGLwwZUw9lA==",
      "dev": true,
      "dependencies": {
        "nopt": "~1.0.10"
      },
      "bin": {
        "nodetouch": "bin/nodetouch.js"
      }
    },
    "node_modules/uint8-util": {
      "version": "2.2.4",
      "resolved": "https://registry.npmjs.org/uint8-util/-/uint8-util-2.2.4.tgz",
      "integrity": "sha512-uEI5lLozmKQPYEevfEhP9LY3Je5ZmrQhaWXrzTVqrLNQl36xsRh8NiAxYwB9J+2BAt99TRbmCkROQB2ZKhx4UA==",
      "dependencies": {
        "base64-arraybuffer": "^1.0.2"
      }
    },
    "node_modules/undefsafe": {
      "version": "2.0.5",
      "resolved": "https://registry.npmjs.org/undefsafe/-/undefsafe-2.0.5.tgz",
      "integrity": "sha512-WxONCrssBM8TSPRqN5EmsjVrsv4A8X12J4ArBiiayv3DyyG3ZlIg6yysuuSYdZsVz3TKcTg2fd//Ujd4CHV1iA==",
      "dev": true
    },
    "node_modules/xsalsa20": {
      "version": "1.2.0",
      "resolved": "https://registry.npmjs.org/xsalsa20/-/xsalsa20-1.2.0.tgz",
      "integrity": "sha512-FIr/DEeoHfj7ftfylnoFt3rAIRoWXpx2AoDfrT2qD2wtp7Dp+COajvs/Icb7uHqRW9m60f5iXZwdsJJO3kvb7w=="
    },
    "node_modules/yallist": {
      "version": "4.0.0",
      "resolved": "https://registry.npmjs.org/yallist/-/yallist-4.0.0.tgz",
      "integrity": "sha512-3wdGidZyq5PB084XLES5TpOSRA3wjXAlIWMhum2kRcv/41Sn2emQ0dycQW4uZXLejwKvg6EsvbdlVL+FYEct7A==",
      "dev": true
    },
    "node_modules/z32": {
      "version": "1.0.1",
      "resolved": "https://registry.npmjs.org/z32/-/z32-1.0.1.tgz",
      "integrity": "sha512-Uytfqf6VEVchHKZDw0NRdCViOARHP84uzvOw0CXCMLOwhgHZUL9XibpEPLLQN10mCVLxOlGCQWbkV7km7yNYcw==",
      "dependencies": {
        "b4a": "^1.5.3"
      }
    }
  }
}
